{
	"name": "phd-social-media",
	"version": "0.0.1",
	"lockfileVersion": 2,
	"requires": true,
	"packages": {
		"": {
			"name": "phd-social-media",
			"version": "0.0.1",
			"license": "MPL-2.0",
			"dependencies": {
				"@ltd/j-toml": "^1.6.0",
				"applause-cli": "^1.7.0",
				"bottleneck": "^2.19.5",
				"phin": "^3.5.1",
				"pretty-ms": "^7.0.1"
			}
		},
		"node_modules/@ltd/j-toml": {
			"version": "1.6.0",
			"resolved": "https://registry.npmjs.org/@ltd/j-toml/-/j-toml-1.6.0.tgz",
			"integrity": "sha512-Jyyx+mVYy8sIf2Tas5R5qchHerJZrvWnnNg8F9dnE/gpz15RCQLEmUXZhWsM2CVHxjZhR9aE6Miqv/hfnGZAIg=="
		},
		"node_modules/applause-cli": {
			"version": "1.7.0",
			"resolved": "https://registry.npmjs.org/applause-cli/-/applause-cli-1.7.0.tgz",
			"integrity": "sha512-zO/nBR9x37Iqlm3R2Glo0NyDIevwbDPrISprK61Z/M01Xvm5dFkL2FZAONxxHctT9QoF71fiY22sFRuq8Sqxug=="
		},
		"node_modules/bottleneck": {
			"version": "2.19.5",
			"resolved": "https://registry.npmjs.org/bottleneck/-/bottleneck-2.19.5.tgz",
			"integrity": "sha512-VHiNCbI1lKdl44tGrhNfU3lup0Tj/ZBMJB5/2ZbNXRCPuRCO7ed2mgcK4r17y+KB2EfuYuRaVlwNbAeaWGSpbw=="
		},
		"node_modules/centra": {
			"version": "2.4.2",
			"resolved": "https://registry.npmjs.org/centra/-/centra-2.4.2.tgz",
			"integrity": "sha512-f1RaP0V1HqVNEXfLfjNBthB2yy3KnSGnPCnOPCFLUk9e/Z4rNJ8nBaJNnghflnp88mi1IT8mfmW+HlMS1/H+bg=="
		},
		"node_modules/parse-ms": {
			"version": "2.1.0",
			"resolved": "https://registry.npmjs.org/parse-ms/-/parse-ms-2.1.0.tgz",
			"integrity": "sha512-kHt7kzLoS9VBZfUsiKjv43mr91ea+U05EyKkEtqp7vNbHxmaVuEqN7XxeEVnGrMtYOAxGrDElSi96K7EgO1zCA==",
			"engines": {
				"node": ">=6"
			}
		},
		"node_modules/phin": {
			"version": "3.5.1",
			"resolved": "https://registry.npmjs.org/phin/-/phin-3.5.1.tgz",
			"integrity": "sha512-jgFO28IaiWAl0xk+zmqVx7neKVokWKU8YTQC5QlB45SZnEE53LH2saqJIcyIV557VX3Gk+TdR4rwWTc3P83DSA==",
			"dependencies": {
				"centra": "^2.4.2"
			},
			"engines": {
				"node": ">= 8"
			}
		},
		"node_modules/pretty-ms": {
			"version": "7.0.1",
			"resolved": "https://registry.npmjs.org/pretty-ms/-/pretty-ms-7.0.1.tgz",
			"integrity": "sha512-973driJZvxiGOQ5ONsFhOF/DtzPMOMtgC11kCpUrPGMTgqp2q/1gwzCquocrN33is0VZ5GFHXZYMM9l6h67v2Q==",
			"dependencies": {
				"parse-ms": "^2.1.0"
			},
			"engines": {
				"node": ">=10"
			},
			"funding": {
				"url": "https://github.com/sponsors/sindresorhus"
			}
		}
	},
	"dependencies": {
		"@ltd/j-toml": {
			"version": "1.6.0",
			"resolved": "https://registry.npmjs.org/@ltd/j-toml/-/j-toml-1.6.0.tgz",
			"integrity": "sha512-Jyyx+mVYy8sIf2Tas5R5qchHerJZrvWnnNg8F9dnE/gpz15RCQLEmUXZhWsM2CVHxjZhR9aE6Miqv/hfnGZAIg=="
		},
		"applause-cli": {
			"version": "1.7.0",
			"resolved": "https://registry.npmjs.org/applause-cli/-/applause-cli-1.7.0.tgz",
			"integrity": "sha512-zO/nBR9x37Iqlm3R2Glo0NyDIevwbDPrISprK61Z/M01Xvm5dFkL2FZAONxxHctT9QoF71fiY22sFRuq8Sqxug=="
		},
		"bottleneck": {
			"version": "2.19.5",
			"resolved": "https://registry.npmjs.org/bottleneck/-/bottleneck-2.19.5.tgz",
			"integrity": "sha512-VHiNCbI1lKdl44tGrhNfU3lup0Tj/ZBMJB5/2ZbNXRCPuRCO7ed2mgcK4r17y+KB2EfuYuRaVlwNbAeaWGSpbw=="
		},
		"centra": {
			"version": "2.4.2",
			"resolved": "https://registry.npmjs.org/centra/-/centra-2.4.2.tgz",
			"integrity": "sha512-f1RaP0V1HqVNEXfLfjNBthB2yy3KnSGnPCnOPCFLUk9e/Z4rNJ8nBaJNnghflnp88mi1IT8mfmW+HlMS1/H+bg=="
		},
		"parse-ms": {
			"version": "2.1.0",
			"resolved": "https://registry.npmjs.org/parse-ms/-/parse-ms-2.1.0.tgz",
			"integrity": "sha512-kHt7kzLoS9VBZfUsiKjv43mr91ea+U05EyKkEtqp7vNbHxmaVuEqN7XxeEVnGrMtYOAxGrDElSi96K7EgO1zCA=="
		},
		"phin": {
			"version": "3.5.1",
			"resolved": "https://registry.npmjs.org/phin/-/phin-3.5.1.tgz",
			"integrity": "sha512-jgFO28IaiWAl0xk+zmqVx7neKVokWKU8YTQC5QlB45SZnEE53LH2saqJIcyIV557VX3Gk+TdR4rwWTc3P83DSA==",
			"requires": {
				"centra": "^2.4.2"
			}
		},
		"pretty-ms": {
			"version": "7.0.1",
			"resolved": "https://registry.npmjs.org/pretty-ms/-/pretty-ms-7.0.1.tgz",
			"integrity": "sha512-973driJZvxiGOQ5ONsFhOF/DtzPMOMtgC11kCpUrPGMTgqp2q/1gwzCquocrN33is0VZ5GFHXZYMM9l6h67v2Q==",
			"requires": {
				"parse-ms": "^2.1.0"
			}
		}
	}
}
