{
	"name": "twitter-academic-downloader",
	"version": "1.4.1",
	"lockfileVersion": 2,
	"requires": true,
	"packages": {
		"": {
			"name": "twitter-academic-downloader",
			"version": "1.4.1",
			"license": "MPL-2.0",
			"dependencies": {
				"@ltd/j-toml": "^1.23.0",
				"applause-cli": "^1.7.0",
				"bottleneck": "^2.19.5",
				"nexline": "^1.2.2",
				"phin": "^3.6.0",
				"pretty-ms": "^7.0.1"
			},
			"bin": {
				"twitter-academic-downloader": "src/index.mjs"
			}
		},
		"node_modules/@ltd/j-toml": {
			"version": "1.23.0",
			"resolved": "https://registry.npmjs.org/@ltd/j-toml/-/j-toml-1.23.0.tgz",
			"integrity": "sha512-pVnLL19E7D04WvKyV+BfwyuLHLZ4k83bP72ur/Jzjm59byUqSenFkOcC9R9w6egRFujqm9/l3yJ6hsHvpG/r4g=="
		},
		"node_modules/applause-cli": {
			"version": "1.7.0",
			"resolved": "https://registry.npmjs.org/applause-cli/-/applause-cli-1.7.0.tgz",
			"integrity": "sha512-zO/nBR9x37Iqlm3R2Glo0NyDIevwbDPrISprK61Z/M01Xvm5dFkL2FZAONxxHctT9QoF71fiY22sFRuq8Sqxug=="
		},
		"node_modules/bottleneck": {
			"version": "2.19.5",
			"resolved": "https://registry.npmjs.org/bottleneck/-/bottleneck-2.19.5.tgz",
			"integrity": "sha512-VHiNCbI1lKdl44tGrhNfU3lup0Tj/ZBMJB5/2ZbNXRCPuRCO7ed2mgcK4r17y+KB2EfuYuRaVlwNbAeaWGSpbw=="
		},
		"node_modules/centra": {
			"version": "2.4.2",
			"resolved": "https://registry.npmjs.org/centra/-/centra-2.4.2.tgz",
			"integrity": "sha512-f1RaP0V1HqVNEXfLfjNBthB2yy3KnSGnPCnOPCFLUk9e/Z4rNJ8nBaJNnghflnp88mi1IT8mfmW+HlMS1/H+bg=="
		},
		"node_modules/fs-extra": {
			"version": "8.1.0",
			"resolved": "https://registry.npmjs.org/fs-extra/-/fs-extra-8.1.0.tgz",
			"integrity": "sha512-yhlQgA6mnOJUKOsRUFsgJdQCvkKhcz8tlZG5HBQfReYZy46OwLcY+Zia0mtdHsOo9y/hP+CxMN0TU9QxoOtG4g==",
			"dependencies": {
				"graceful-fs": "^4.2.0",
				"jsonfile": "^4.0.0",
				"universalify": "^0.1.0"
			},
			"engines": {
				"node": ">=6 <7 || >=8"
			}
		},
		"node_modules/graceful-fs": {
			"version": "4.2.6",
			"resolved": "https://registry.npmjs.org/graceful-fs/-/graceful-fs-4.2.6.tgz",
			"integrity": "sha512-nTnJ528pbqxYanhpDYsi4Rd8MAeaBA67+RZ10CM1m3bTAVFEDcd5AuA4a6W5YkGZ1iNXHzZz8T6TBKLeBuNriQ=="
		},
		"node_modules/iconv-lite": {
			"version": "0.5.2",
			"resolved": "https://registry.npmjs.org/iconv-lite/-/iconv-lite-0.5.2.tgz",
			"integrity": "sha512-kERHXvpSaB4aU3eANwidg79K8FlrN77m8G9V+0vOR3HYaRifrlwMEpT7ZBJqLSEIHnEgJTHcWK82wwLwwKwtag==",
			"dependencies": {
				"safer-buffer": ">= 2.1.2 < 3"
			},
			"engines": {
				"node": ">=0.10.0"
			}
		},
		"node_modules/jsonfile": {
			"version": "4.0.0",
			"resolved": "https://registry.npmjs.org/jsonfile/-/jsonfile-4.0.0.tgz",
			"integrity": "sha1-h3Gq4HmbZAdrdmQPygWPnBDjPss=",
			"optionalDependencies": {
				"graceful-fs": "^4.1.6"
			}
		},
		"node_modules/nexline": {
			"version": "1.2.2",
			"resolved": "https://registry.npmjs.org/nexline/-/nexline-1.2.2.tgz",
			"integrity": "sha512-YLX5uoqNP7XVsXk889i8ZQcuMkukA4My4JD9wqTRLT+4dFo6QEEn+hU26J5H89m+mzW9BfhDgriGdbMEP06eeQ==",
			"dependencies": {
				"fs-extra": "^8.1.0",
				"iconv-lite": "^0.5.0"
			},
			"engines": {
				"node": ">= 8.0.0"
			}
		},
		"node_modules/parse-ms": {
			"version": "2.1.0",
			"resolved": "https://registry.npmjs.org/parse-ms/-/parse-ms-2.1.0.tgz",
			"integrity": "sha512-kHt7kzLoS9VBZfUsiKjv43mr91ea+U05EyKkEtqp7vNbHxmaVuEqN7XxeEVnGrMtYOAxGrDElSi96K7EgO1zCA==",
			"engines": {
				"node": ">=6"
			}
		},
		"node_modules/phin": {
			"version": "3.6.0",
			"resolved": "https://registry.npmjs.org/phin/-/phin-3.6.0.tgz",
			"integrity": "sha512-nYY4Qh/yGCoxcwOAS2UfCM8+nVJcbI4f9NC4M4zPAsuswnIIS2aB14uYAbvdxP/4DqzXfrpadT2WQOx9mLDyTA==",
			"dependencies": {
				"centra": "^2.4.2"
			},
			"engines": {
				"node": ">= 8"
			}
		},
		"node_modules/pretty-ms": {
			"version": "7.0.1",
			"resolved": "https://registry.npmjs.org/pretty-ms/-/pretty-ms-7.0.1.tgz",
			"integrity": "sha512-973driJZvxiGOQ5ONsFhOF/DtzPMOMtgC11kCpUrPGMTgqp2q/1gwzCquocrN33is0VZ5GFHXZYMM9l6h67v2Q==",
			"dependencies": {
				"parse-ms": "^2.1.0"
			},
			"engines": {
				"node": ">=10"
			},
			"funding": {
				"url": "https://github.com/sponsors/sindresorhus"
			}
		},
		"node_modules/safer-buffer": {
			"version": "2.1.2",
			"resolved": "https://registry.npmjs.org/safer-buffer/-/safer-buffer-2.1.2.tgz",
			"integrity": "sha512-YZo3K82SD7Riyi0E1EQPojLz7kpepnSQI9IyPbHHg1XXXevb5dJI7tpyN2ADxGcQbHG7vcyRHk0cbwqcQriUtg=="
		},
		"node_modules/universalify": {
			"version": "0.1.2",
			"resolved": "https://registry.npmjs.org/universalify/-/universalify-0.1.2.tgz",
			"integrity": "sha512-rBJeI5CXAlmy1pV+617WB9J63U6XcazHHF2f2dbJix4XzpUF0RS3Zbj0FGIOCAva5P/d/GBOYaACQ1w+0azUkg==",
			"engines": {
				"node": ">= 4.0.0"
			}
		}
	},
	"dependencies": {
		"@ltd/j-toml": {
			"version": "1.23.0",
			"resolved": "https://registry.npmjs.org/@ltd/j-toml/-/j-toml-1.23.0.tgz",
			"integrity": "sha512-pVnLL19E7D04WvKyV+BfwyuLHLZ4k83bP72ur/Jzjm59byUqSenFkOcC9R9w6egRFujqm9/l3yJ6hsHvpG/r4g=="
		},
		"applause-cli": {
			"version": "1.7.0",
			"resolved": "https://registry.npmjs.org/applause-cli/-/applause-cli-1.7.0.tgz",
			"integrity": "sha512-zO/nBR9x37Iqlm3R2Glo0NyDIevwbDPrISprK61Z/M01Xvm5dFkL2FZAONxxHctT9QoF71fiY22sFRuq8Sqxug=="
		},
		"bottleneck": {
			"version": "2.19.5",
			"resolved": "https://registry.npmjs.org/bottleneck/-/bottleneck-2.19.5.tgz",
			"integrity": "sha512-VHiNCbI1lKdl44tGrhNfU3lup0Tj/ZBMJB5/2ZbNXRCPuRCO7ed2mgcK4r17y+KB2EfuYuRaVlwNbAeaWGSpbw=="
		},
		"centra": {
			"version": "2.4.2",
			"resolved": "https://registry.npmjs.org/centra/-/centra-2.4.2.tgz",
			"integrity": "sha512-f1RaP0V1HqVNEXfLfjNBthB2yy3KnSGnPCnOPCFLUk9e/Z4rNJ8nBaJNnghflnp88mi1IT8mfmW+HlMS1/H+bg=="
		},
		"fs-extra": {
			"version": "8.1.0",
			"resolved": "https://registry.npmjs.org/fs-extra/-/fs-extra-8.1.0.tgz",
			"integrity": "sha512-yhlQgA6mnOJUKOsRUFsgJdQCvkKhcz8tlZG5HBQfReYZy46OwLcY+Zia0mtdHsOo9y/hP+CxMN0TU9QxoOtG4g==",
			"requires": {
				"graceful-fs": "^4.2.0",
				"jsonfile": "^4.0.0",
				"universalify": "^0.1.0"
			}
		},
		"graceful-fs": {
			"version": "4.2.6",
			"resolved": "https://registry.npmjs.org/graceful-fs/-/graceful-fs-4.2.6.tgz",
			"integrity": "sha512-nTnJ528pbqxYanhpDYsi4Rd8MAeaBA67+RZ10CM1m3bTAVFEDcd5AuA4a6W5YkGZ1iNXHzZz8T6TBKLeBuNriQ=="
		},
		"iconv-lite": {
			"version": "0.5.2",
			"resolved": "https://registry.npmjs.org/iconv-lite/-/iconv-lite-0.5.2.tgz",
			"integrity": "sha512-kERHXvpSaB4aU3eANwidg79K8FlrN77m8G9V+0vOR3HYaRifrlwMEpT7ZBJqLSEIHnEgJTHcWK82wwLwwKwtag==",
			"requires": {
				"safer-buffer": ">= 2.1.2 < 3"
			}
		},
		"jsonfile": {
			"version": "4.0.0",
			"resolved": "https://registry.npmjs.org/jsonfile/-/jsonfile-4.0.0.tgz",
			"integrity": "sha1-h3Gq4HmbZAdrdmQPygWPnBDjPss=",
			"requires": {
				"graceful-fs": "^4.1.6"
			}
		},
		"nexline": {
			"version": "1.2.2",
			"resolved": "https://registry.npmjs.org/nexline/-/nexline-1.2.2.tgz",
			"integrity": "sha512-YLX5uoqNP7XVsXk889i8ZQcuMkukA4My4JD9wqTRLT+4dFo6QEEn+hU26J5H89m+mzW9BfhDgriGdbMEP06eeQ==",
			"requires": {
				"fs-extra": "^8.1.0",
				"iconv-lite": "^0.5.0"
			}
		},
		"parse-ms": {
			"version": "2.1.0",
			"resolved": "https://registry.npmjs.org/parse-ms/-/parse-ms-2.1.0.tgz",
			"integrity": "sha512-kHt7kzLoS9VBZfUsiKjv43mr91ea+U05EyKkEtqp7vNbHxmaVuEqN7XxeEVnGrMtYOAxGrDElSi96K7EgO1zCA=="
		},
		"phin": {
			"version": "3.6.0",
			"resolved": "https://registry.npmjs.org/phin/-/phin-3.6.0.tgz",
			"integrity": "sha512-nYY4Qh/yGCoxcwOAS2UfCM8+nVJcbI4f9NC4M4zPAsuswnIIS2aB14uYAbvdxP/4DqzXfrpadT2WQOx9mLDyTA==",
			"requires": {
				"centra": "^2.4.2"
			}
		},
		"pretty-ms": {
			"version": "7.0.1",
			"resolved": "https://registry.npmjs.org/pretty-ms/-/pretty-ms-7.0.1.tgz",
			"integrity": "sha512-973driJZvxiGOQ5ONsFhOF/DtzPMOMtgC11kCpUrPGMTgqp2q/1gwzCquocrN33is0VZ5GFHXZYMM9l6h67v2Q==",
			"requires": {
				"parse-ms": "^2.1.0"
			}
		},
		"safer-buffer": {
			"version": "2.1.2",
			"resolved": "https://registry.npmjs.org/safer-buffer/-/safer-buffer-2.1.2.tgz",
			"integrity": "sha512-YZo3K82SD7Riyi0E1EQPojLz7kpepnSQI9IyPbHHg1XXXevb5dJI7tpyN2ADxGcQbHG7vcyRHk0cbwqcQriUtg=="
		},
		"universalify": {
			"version": "0.1.2",
			"resolved": "https://registry.npmjs.org/universalify/-/universalify-0.1.2.tgz",
			"integrity": "sha512-rBJeI5CXAlmy1pV+617WB9J63U6XcazHHF2f2dbJix4XzpUF0RS3Zbj0FGIOCAva5P/d/GBOYaACQ1w+0azUkg=="
		}
	}
}
